// !$*UTF8*$!
{
	archiveVersion = 1;
	classes = {
	};
	objectVersion = 50;
	objects = {

/* Begin PBXBuildFile section */
		66027D0120E3EDB60001661C /* AppDelegate.swift in Sources */ = {isa = PBXBuildFile; fileRef = 66027D0020E3EDB60001661C /* AppDelegate.swift */; };
		66027D0320E3EDB60001661C /* MainViewController.swift in Sources */ = {isa = PBXBuildFile; fileRef = 66027D0220E3EDB60001661C /* MainViewController.swift */; };
		66027D0820E3EDB70001661C /* Assets.xcassets in Resources */ = {isa = PBXBuildFile; fileRef = 66027D0720E3EDB70001661C /* Assets.xcassets */; };
		66027D0B20E3EDB70001661C /* LaunchScreen.storyboard in Resources */ = {isa = PBXBuildFile; fileRef = 66027D0920E3EDB70001661C /* LaunchScreen.storyboard */; };
		66027D1320E3F1A40001661C /* UIView++.swift in Sources */ = {isa = PBXBuildFile; fileRef = 66027D1220E3F1A40001661C /* UIView++.swift */; };
		66027D1520E3F34F0001661C /* GalleryViewController.swift in Sources */ = {isa = PBXBuildFile; fileRef = 66027D1420E3F34F0001661C /* GalleryViewController.swift */; };
		66027D1720E3FEF80001661C /* GalleryViewCell.swift in Sources */ = {isa = PBXBuildFile; fileRef = 66027D1620E3FEF80001661C /* GalleryViewCell.swift */; };
/* End PBXBuildFile section */

/* Begin PBXFileReference section */
		66027CFD20E3EDB60001661C /* XZImagePicker.app */ = {isa = PBXFileReference; explicitFileType = wrapper.application; includeInIndex = 0; path = XZImagePicker.app; sourceTree = BUILT_PRODUCTS_DIR; };
		66027D0020E3EDB60001661C /* AppDelegate.swift */ = {isa = PBXFileReference; lastKnownFileType = sourcecode.swift; path = AppDelegate.swift; sourceTree = "<group>"; };
		66027D0220E3EDB60001661C /* MainViewController.swift */ = {isa = PBXFileReference; lastKnownFileType = sourcecode.swift; path = MainViewController.swift; sourceTree = "<group>"; };
		66027D0720E3EDB70001661C /* Assets.xcassets */ = {isa = PBXFileReference; lastKnownFileType = folder.assetcatalog; path = Assets.xcassets; sourceTree = "<group>"; };
		66027D0A20E3EDB70001661C /* Base */ = {isa = PBXFileReference; lastKnownFileType = file.storyboard; name = Base; path = Base.lproj/LaunchScreen.storyboard; sourceTree = "<group>"; };
		66027D0C20E3EDB70001661C /* Info.plist */ = {isa = PBXFileReference; lastKnownFileType = text.plist.xml; path = Info.plist; sourceTree = "<group>"; };
		66027D1220E3F1A40001661C /* UIView++.swift */ = {isa = PBXFileReference; lastKnownFileType = sourcecode.swift; path = "UIView++.swift"; sourceTree = "<group>"; };
		66027D1420E3F34F0001661C /* GalleryViewController.swift */ = {isa = PBXFileReference; lastKnownFileType = sourcecode.swift; path = GalleryViewController.swift; sourceTree = "<group>"; };
		66027D1620E3FEF80001661C /* GalleryViewCell.swift */ = {isa = PBXFileReference; lastKnownFileType = sourcecode.swift; path = GalleryViewCell.swift; sourceTree = "<group>"; };
/* End PBXFileReference section */

/* Begin PBXFrameworksBuildPhase section */
		66027CFA20E3EDB60001661C /* Frameworks */ = {
			isa = PBXFrameworksBuildPhase;
			buildActionMask = 2147483647;
			files = (
			);
			runOnlyForDeploymentPostprocessing = 0;
		};
/* End PBXFrameworksBuildPhase section */

/* Begin PBXGroup section */
		66027CF420E3EDB50001661C = {
			isa = PBXGroup;
			children = (
				66027CFF20E3EDB60001661C /* XZImagePicker */,
				66027CFE20E3EDB60001661C /* Products */,
			);
			sourceTree = "<group>";
		};
		66027CFE20E3EDB60001661C /* Products */ = {
			isa = PBXGroup;
			children = (
				66027CFD20E3EDB60001661C /* XZImagePicker.app */,
			);
			name = Products;
			sourceTree = "<group>";
		};
		66027CFF20E3EDB60001661C /* XZImagePicker */ = {
			isa = PBXGroup;
			children = (
				66027D0020E3EDB60001661C /* AppDelegate.swift */,
				66027D0220E3EDB60001661C /* MainViewController.swift */,
				66027D1420E3F34F0001661C /* GalleryViewController.swift */,
				66027D1620E3FEF80001661C /* GalleryViewCell.swift */,
				66027D0720E3EDB70001661C /* Assets.xcassets */,
				66027D0920E3EDB70001661C /* LaunchScreen.storyboard */,
				66027D0C20E3EDB70001661C /* Info.plist */,
				66027D1220E3F1A40001661C /* UIView++.swift */,
			);
			path = XZImagePicker;
			sourceTree = "<group>";
		};
/* End PBXGroup section */

/* Begin PBXNativeTarget section */
		66027CFC20E3EDB60001661C /* XZImagePicker */ = {
			isa = PBXNativeTarget;
			buildConfigurationList = 66027D0F20E3EDB70001661C /* Build configuration list for PBXNativeTarget "XZImagePicker" */;
			buildPhases = (
				66027CF920E3EDB60001661C /* Sources */,
				66027CFA20E3EDB60001661C /* Frameworks */,
				66027CFB20E3EDB60001661C /* Resources */,
			);
			buildRules = (
			);
			dependencies = (
			);
			name = XZImagePicker;
			productName = XZImagePicker;
			productReference = 66027CFD20E3EDB60001661C /* XZImagePicker.app */;
			productType = "com.apple.product-type.application";
		};
/* End PBXNativeTarget section */

/* Begin PBXProject section */
		66027CF520E3EDB50001661C /* Project object */ = {
			isa = PBXProject;
			attributes = {
				LastSwiftUpdateCheck = 0940;
				LastUpgradeCheck = 0940;
				ORGANIZATIONNAME = "Xin Zou";
				TargetAttributes = {
					66027CFC20E3EDB60001661C = {
						CreatedOnToolsVersion = 9.4.1;
					};
				};
			};
			buildConfigurationList = 66027CF820E3EDB50001661C /* Build configuration list for PBXProject "XZImagePicker" */;
			compatibilityVersion = "Xcode 9.3";
			developmentRegion = en;
			hasScannedForEncodings = 0;
			knownRegions = (
				en,
				Base,
			);
			mainGroup = 66027CF420E3EDB50001661C;
			productRefGroup = 66027CFE20E3EDB60001661C /* Products */;
			projectDirPath = "";
			projectRoot = "";
			targets = (
				66027CFC20E3EDB60001661C /* XZImagePicker */,
			);
		};
/* End PBXProject section */

/* Begin PBXResourcesBuildPhase section */
		66027CFB20E3EDB60001661C /* Resources */ = {
			isa = PBXResourcesBuildPhase;
			buildActionMask = 2147483647;
			files = (
				66027D0B20E3EDB70001661C /* LaunchScreen.storyboard in Resources */,
				66027D0820E3EDB70001661C /* Assets.xcassets in Resources */,
			);
			runOnlyForDeploymentPostprocessing = 0;
		};
/* End PBXResourcesBuildPhase section */

/* Begin PBXSourcesBuildPhase section */
		66027CF920E3EDB60001661C /* Sources */ = {
			isa = PBXSourcesBuildPhase;
			buildActionMask = 2147483647;
			files = (
				66027D1720E3FEF80001661C /* GalleryViewCell.swift in Sources */,
				66027D0320E3EDB60001661C /* MainViewController.swift in Sources */,
				66027D1520E3F34F0001661C /* GalleryViewController.swift in Sources */,
				66027D0120E3EDB60001661C /* AppDelegate.swift in Sources */,
				66027D1320E3F1A40001661C /* UIView++.swift in Sources */,
			);
			runOnlyForDeploymentPostprocessing = 0;
		};
/* End PBXSourcesBuildPhase section */

/* Begin PBXVariantGroup section */
		66027D0920E3EDB70001661C /* LaunchScreen.storyboard */ = {
			isa = PBXVariantGroup;
			children = (
				66027D0A20E3EDB70001661C /* Base */,
			);
			name = LaunchScreen.storyboard;
			sourceTree = "<group>";
		};
/* End PBXVariantGroup section */

/* Begin XCBuildConfiguration section */
		66027D0D20E3EDB70001661C /* Debug */ = {
			isa = XCBuildConfiguration;
			buildSettings = {
				ALWAYS_SEARCH_USER_PATHS = NO;
				CLANG_ANALYZER_NONNULL = YES;
				CLANG_ANALYZER_NUMBER_OBJECT_CONVERSION = YES_AGGRESSIVE;
				CLANG_CXX_LANGUAGE_STANDARD = "gnu++14";
				CLANG_CXX_LIBRARY = "libc++";
				CLANG_ENABLE_MODULES = YES;
				CLANG_ENABLE_OBJC_ARC = YES;
				CLANG_ENABLE_OBJC_WEAK = YES;
				CLANG_WARN_BLOCK_CAPTURE_AUTORELEASING = YES;
				CLANG_WARN_BOOL_CONVERSION = YES;
				CLANG_WARN_COMMA = YES;
				CLANG_WARN_CONSTANT_CONVERSION = YES;
				CLANG_WARN_DEPRECATED_OBJC_IMPLEMENTATIONS = YES;
				CLANG_WARN_DIRECT_OBJC_ISA_USAGE = YES_ERROR;
				CLANG_WARN_DOCUMENTATION_COMMENTS = YES;
				CLANG_WARN_EMPTY_BODY = YES;
				CLANG_WARN_ENUM_CONVERSION = YES;
				CLANG_WARN_INFINITE_RECURSION = YES;
				CLANG_WARN_INT_CONVERSION = YES;
				CLANG_WARN_NON_LITERAL_NULL_CONVERSION = YES;
				CLANG_WARN_OBJC_IMPLICIT_RETAIN_SELF = YES;
				CLANG_WARN_OBJC_LITERAL_CONVERSION = YES;
				CLANG_WARN_OBJC_ROOT_CLASS = YES_ERROR;
				CLANG_WARN_RANGE_LOOP_ANALYSIS = YES;
				CLANG_WARN_STRICT_PROTOTYPES = YES;
				CLANG_WARN_SUSPICIOUS_MOVE = YES;
				CLANG_WARN_UNGUARDED_AVAILABILITY = YES_AGGRESSIVE;
				CLANG_WARN_UNREACHABLE_CODE = YES;
				CLANG_WARN__DUPLICATE_METHOD_MATCH = YES;
				CODE_SIGN_IDENTITY = "iPhone Developer";
				COPY_PHASE_STRIP = NO;
				DEBUG_INFORMATION_FORMAT = dwarf;
				ENABLE_STRICT_OBJC_MSGSEND = YES;
				ENABLE_TESTABILITY = YES;
				GCC_C_LANGUAGE_STANDARD = gnu11;
				GCC_DYNAMIC_NO_PIC = NO;
				GCC_NO_COMMON_BLOCKS = YES;
				GCC_OPTIMIZATION_LEVEL = 0;
				GCC_PREPROCESSOR_DEFINITIONS = (
					"DEBUG=1",
					"$(inherited)",
				);
				GCC_WARN_64_TO_32_BIT_CONVERSION = YES;
				GCC_WARN_ABOUT_RETURN_TYPE = YES_ERROR;
				GCC_WARN_UNDECLARED_SELECTOR = YES;
				GCC_WARN_UNINITIALIZED_AUTOS = YES_AGGRESSIVE;
				GCC_WARN_UNUSED_FUNCTION = YES;
				GCC_WARN_UNUSED_VARIABLE = YES;
				IPHONEOS_DEPLOYMENT_TARGET = 11.4;
				MTL_ENABLE_DEBUG_INFO = YES;
				ONLY_ACTIVE_ARCH = YES;
				SDKROOT = iphoneos;
				SWIFT_ACTIVE_COMPILATION_CONDITIONS = DEBUG;
				SWIFT_OPTIMIZATION_LEVEL = "-Onone";
			};
			name = Debug;
		};
		66027D0E20E3EDB70001661C /* Release */ = {
			isa = XCBuildConfiguration;
			buildSettings = {
				ALWAYS_SEARCH_USER_PATHS = NO;
				CLANG_ANALYZER_NONNULL = YES;
				CLANG_ANALYZER_NUMBER_OBJECT_CONVERSION = YES_AGGRESSIVE;
				CLANG_CXX_LANGUAGE_STANDARD = "gnu++14";
				CLANG_CXX_LIBRARY = "libc++";
				CLANG_ENABLE_MODULES = YES;
				CLANG_ENABLE_OBJC_ARC = YES;
				CLANG_ENABLE_OBJC_WEAK = YES;
				CLANG_WARN_BLOCK_CAPTURE_AUTORELEASING = YES;
				CLANG_WARN_BOOL_CONVERSION = YES;
				CLANG_WARN_COMMA = YES;
				CLANG_WARN_CONSTANT_CONVERSION = YES;
				CLANG_WARN_DEPRECATED_OBJC_IMPLEMENTATIONS = YES;
				CLANG_WARN_DIRECT_OBJC_ISA_USAGE = YES_ERROR;
				CLANG_WARN_DOCUMENTATION_COMMENTS = YES;
				CLANG_WARN_EMPTY_BODY = YES;
				CLANG_WARN_ENUM_CONVERSION = YES;
				CLANG_WARN_INFINITE_RECURSION = YES;
				CLANG_WARN_INT_CONVERSION = YES;
				CLANG_WARN_NON_LITERAL_NULL_CONVERSION = YES;
				CLANG_WARN_OBJC_IMPLICIT_RETAIN_SELF = YES;
				CLANG_WARN_OBJC_LITERAL_CONVERSION = YES;
				CLANG_WARN_OBJC_ROOT_CLASS = YES_ERROR;
				CLANG_WARN_RANGE_LOOP_ANALYSIS = YES;
				CLANG_WARN_STRICT_PROTOTYPES = YES;
				CLANG_WARN_SUSPICIOUS_MOVE = YES;
				CLANG_WARN_UNGUARDED_AVAILABILITY = YES_AGGRESSIVE;
				CLANG_WARN_UNREACHABLE_CODE = YES;
				CLANG_WARN__DUPLICATE_METHOD_MATCH = YES;
				CODE_SIGN_IDENTITY = "iPhone Developer";
				COPY_PHASE_STRIP = NO;
				DEBUG_INFORMATION_FORMAT = "dwarf-with-dsym";
				ENABLE_NS_ASSERTIONS = NO;
				ENABLE_STRICT_OBJC_MSGSEND = YES;
				GCC_C_LANGUAGE_STANDARD = gnu11;
				GCC_NO_COMMON_BLOCKS = YES;
				GCC_WARN_64_TO_32_BIT_CONVERSION = YES;
				GCC_WARN_ABOUT_RETURN_TYPE = YES_ERROR;
				GCC_WARN_UNDECLARED_SELECTOR = YES;
				GCC_WARN_UNINITIALIZED_AUTOS = YES_AGGRESSIVE;
				GCC_WARN_UNUSED_FUNCTION = YES;
				GCC_WARN_UNUSED_VARIABLE = YES;
				IPHONEOS_DEPLOYMENT_TARGET = 11.4;
				MTL_ENABLE_DEBUG_INFO = NO;
				SDKROOT = iphoneos;
				SWIFT_COMPILATION_MODE = wholemodule;
				SWIFT_OPTIMIZATION_LEVEL = "-O";
				VALIDATE_PRODUCT = YES;
			};
			name = Release;
		};
		66027D1020E3EDB70001661C /* Debug */ = {
			isa = XCBuildConfiguration;
			buildSettings = {
				ASSETCATALOG_COMPILER_APPICON_NAME = AppIcon;
				CODE_SIGN_STYLE = Automatic;
				DEVELOPMENT_TEAM = 6S4EWJH888;
				INFOPLIST_FILE = XZImagePicker/Info.plist;
				IPHONEOS_DEPLOYMENT_TARGET = 10.3;
				LD_RUNPATH_SEARCH_PATHS = (
					"$(inherited)",
					"@executable_path/Frameworks",
				);
				PRODUCT_BUNDLE_IDENTIFIER = com.carryonex.xinzou.XZImagePicker;
				PRODUCT_NAME = "$(TARGET_NAME)";
				SWIFT_VERSION = 3.0;
				TARGETED_DEVICE_FAMILY = "1,2";
			};
			name = Debug;
		};
		66027D1120E3EDB70001661C /* Release */ = {
			isa = XCBuildConfiguration;
			buildSettings = {
				ASSETCATALOG_COMPILER_APPICON_NAME = AppIcon;
				CODE_SIGN_STYLE = Automatic;
				DEVELOPMENT_TEAM = 6S4EWJH888;
				INFOPLIST_FILE = XZImagePicker/Info.plist;
				IPHONEOS_DEPLOYMENT_TARGET = 10.3;
				LD_RUNPATH_SEARCH_PATHS = (
					"$(inherited)",
					"@executable_path/Frameworks",
				);
				PRODUCT_BUNDLE_IDENTIFIER = com.carryonex.xinzou.XZImagePicker;
				PRODUCT_NAME = "$(TARGET_NAME)";
				SWIFT_VERSION = 3.0;
				TARGETED_DEVICE_FAMILY = "1,2";
			};
			name = Release;
		};
/* End XCBuildConfiguration section */

/* Begin XCConfigurationList section */
		66027CF820E3EDB50001661C /* Build configuration list for PBXProject "XZImagePicker" */ = {
			isa = XCConfigurationList;
			buildConfigurations = (
				66027D0D20E3EDB70001661C /* Debug */,
				66027D0E20E3EDB70001661C /* Release */,
			);
			defaultConfigurationIsVisible = 0;
			defaultConfigurationName = Release;
		};
		66027D0F20E3EDB70001661C /* Build configuration list for PBXNativeTarget "XZImagePicker" */ = {
			isa = XCConfigurationList;
			buildConfigurations = (
				66027D1020E3EDB70001661C /* Debug */,
				66027D1120E3EDB70001661C /* Release */,
			);
			defaultConfigurationIsVisible = 0;
			defaultConfigurationName = Release;
		};
/* End XCConfigurationList section */
	};
	rootObject = 66027CF520E3EDB50001661C /* Project object */;
}
